// !$*UTF8*$!
{
	archiveVersion = 1;
	classes = {
	};
	objectVersion = 46;
	objects = {

/* Begin PBXBuildFile section */
		2C4695181BCCF24A00A3B41A /* AppDelegate.swift in Sources */ = {isa = PBXBuildFile; fileRef = 2C4695171BCCF24A00A3B41A /* AppDelegate.swift */; };
		2C46951A1BCCF24A00A3B41A /* ViewController.swift in Sources */ = {isa = PBXBuildFile; fileRef = 2C4695191BCCF24A00A3B41A /* ViewController.swift */; };
		2C46951D1BCCF24A00A3B41A /* Main.storyboard in Resources */ = {isa = PBXBuildFile; fileRef = 2C46951B1BCCF24A00A3B41A /* Main.storyboard */; };
		2C46951F1BCCF24A00A3B41A /* Assets.xcassets in Resources */ = {isa = PBXBuildFile; fileRef = 2C46951E1BCCF24A00A3B41A /* Assets.xcassets */; };
		2C4695221BCCF24A00A3B41A /* LaunchScreen.storyboard in Resources */ = {isa = PBXBuildFile; fileRef = 2C4695201BCCF24A00A3B41A /* LaunchScreen.storyboard */; };
		2C46952D1BCCF24A00A3B41A /* task1Tests.swift in Sources */ = {isa = PBXBuildFile; fileRef = 2C46952C1BCCF24A00A3B41A /* task1Tests.swift */; };
		2C4695381BCCF24A00A3B41A /* task1UITests.swift in Sources */ = {isa = PBXBuildFile; fileRef = 2C4695371BCCF24A00A3B41A /* task1UITests.swift */; };
		2C4695461BCCF9D400A3B41A /* WebViewController.swift in Sources */ = {isa = PBXBuildFile; fileRef = 2C4695451BCCF9D400A3B41A /* WebViewController.swift */; settings = {ASSET_TAGS = (); }; };
		2C7C78111BCD54D60097D682 /* MessageUI.framework in Frameworks */ = {isa = PBXBuildFile; fileRef = 2C7C78101BCD54D60097D682 /* MessageUI.framework */; };
/* End PBXBuildFile section */

/* Begin PBXContainerItemProxy section */
		2C4695291BCCF24A00A3B41A /* PBXContainerItemProxy */ = {
			isa = PBXContainerItemProxy;
			containerPortal = 2C46950C1BCCF24A00A3B41A /* Project object */;
			proxyType = 1;
			remoteGlobalIDString = 2C4695131BCCF24A00A3B41A;
			remoteInfo = task1;
		};
		2C4695341BCCF24A00A3B41A /* PBXContainerItemProxy */ = {
			isa = PBXContainerItemProxy;
			containerPortal = 2C46950C1BCCF24A00A3B41A /* Project object */;
			proxyType = 1;
			remoteGlobalIDString = 2C4695131BCCF24A00A3B41A;
			remoteInfo = task1;
		};
/* End PBXContainerItemProxy section */

/* Begin PBXFileReference section */
		2C4695141BCCF24A00A3B41A /* task1.app */ = {isa = PBXFileReference; explicitFileType = wrapper.application; includeInIndex = 0; path = task1.app; sourceTree = BUILT_PRODUCTS_DIR; };
		2C4695171BCCF24A00A3B41A /* AppDelegate.swift */ = {isa = PBXFileReference; lastKnownFileType = sourcecode.swift; path = AppDelegate.swift; sourceTree = "<group>"; };
		2C4695191BCCF24A00A3B41A /* ViewController.swift */ = {isa = PBXFileReference; lastKnownFileType = sourcecode.swift; path = ViewController.swift; sourceTree = "<group>"; };
		2C46951C1BCCF24A00A3B41A /* Base */ = {isa = PBXFileReference; lastKnownFileType = file.storyboard; name = Base; path = Base.lproj/Main.storyboard; sourceTree = "<group>"; };
		2C46951E1BCCF24A00A3B41A /* Assets.xcassets */ = {isa = PBXFileReference; lastKnownFileType = folder.assetcatalog; path = Assets.xcassets; sourceTree = "<group>"; };
		2C4695211BCCF24A00A3B41A /* Base */ = {isa = PBXFileReference; lastKnownFileType = file.storyboard; name = Base; path = Base.lproj/LaunchScreen.storyboard; sourceTree = "<group>"; };
		2C4695231BCCF24A00A3B41A /* Info.plist */ = {isa = PBXFileReference; lastKnownFileType = text.plist.xml; path = Info.plist; sourceTree = "<group>"; };
		2C4695281BCCF24A00A3B41A /* task1Tests.xctest */ = {isa = PBXFileReference; explicitFileType = wrapper.cfbundle; includeInIndex = 0; path = task1Tests.xctest; sourceTree = BUILT_PRODUCTS_DIR; };
		2C46952C1BCCF24A00A3B41A /* task1Tests.swift */ = {isa = PBXFileReference; lastKnownFileType = sourcecode.swift; path = task1Tests.swift; sourceTree = "<group>"; };
		2C46952E1BCCF24A00A3B41A /* Info.plist */ = {isa = PBXFileReference; lastKnownFileType = text.plist.xml; path = Info.plist; sourceTree = "<group>"; };
		2C4695331BCCF24A00A3B41A /* task1UITests.xctest */ = {isa = PBXFileReference; explicitFileType = wrapper.cfbundle; includeInIndex = 0; path = task1UITests.xctest; sourceTree = BUILT_PRODUCTS_DIR; };
		2C4695371BCCF24A00A3B41A /* task1UITests.swift */ = {isa = PBXFileReference; lastKnownFileType = sourcecode.swift; path = task1UITests.swift; sourceTree = "<group>"; };
		2C4695391BCCF24A00A3B41A /* Info.plist */ = {isa = PBXFileReference; lastKnownFileType = text.plist.xml; path = Info.plist; sourceTree = "<group>"; };
		2C4695451BCCF9D400A3B41A /* WebViewController.swift */ = {isa = PBXFileReference; fileEncoding = 4; lastKnownFileType = sourcecode.swift; path = WebViewController.swift; sourceTree = "<group>"; };
		2C7C78101BCD54D60097D682 /* MessageUI.framework */ = {isa = PBXFileReference; lastKnownFileType = wrapper.framework; name = MessageUI.framework; path = System/Library/Frameworks/MessageUI.framework; sourceTree = SDKROOT; };
/* End PBXFileReference section */

/* Begin PBXFrameworksBuildPhase section */
		2C4695111BCCF24A00A3B41A /* Frameworks */ = {
			isa = PBXFrameworksBuildPhase;
			buildActionMask = 2147483647;
			files = (
				2C7C78111BCD54D60097D682 /* MessageUI.framework in Frameworks */,
			);
			runOnlyForDeploymentPostprocessing = 0;
		};
		2C4695251BCCF24A00A3B41A /* Frameworks */ = {
			isa = PBXFrameworksBuildPhase;
			buildActionMask = 2147483647;
			files = (
			);
			runOnlyForDeploymentPostprocessing = 0;
		};
		2C4695301BCCF24A00A3B41A /* Frameworks */ = {
			isa = PBXFrameworksBuildPhase;
			buildActionMask = 2147483647;
			files = (
			);
			runOnlyForDeploymentPostprocessing = 0;
		};
/* End PBXFrameworksBuildPhase section */

/* Begin PBXGroup section */
		2C46950B1BCCF24A00A3B41A = {
			isa = PBXGroup;
			children = (
				2C7C78101BCD54D60097D682 /* MessageUI.framework */,
				2C4695161BCCF24A00A3B41A /* task1 */,
				2C46952B1BCCF24A00A3B41A /* task1Tests */,
				2C4695361BCCF24A00A3B41A /* task1UITests */,
				2C4695151BCCF24A00A3B41A /* Products */,
			);
			sourceTree = "<group>";
		};
		2C4695151BCCF24A00A3B41A /* Products */ = {
			isa = PBXGroup;
			children = (
				2C4695141BCCF24A00A3B41A /* task1.app */,
				2C4695281BCCF24A00A3B41A /* task1Tests.xctest */,
				2C4695331BCCF24A00A3B41A /* task1UITests.xctest */,
			);
			name = Products;
			sourceTree = "<group>";
		};
		2C4695161BCCF24A00A3B41A /* task1 */ = {
			isa = PBXGroup;
			children = (
				2C4695171BCCF24A00A3B41A /* AppDelegate.swift */,
				2C4695191BCCF24A00A3B41A /* ViewController.swift */,
				2C46951B1BCCF24A00A3B41A /* Main.storyboard */,
				2C4695451BCCF9D400A3B41A /* WebViewController.swift */,
				2C46951E1BCCF24A00A3B41A /* Assets.xcassets */,
				2C4695201BCCF24A00A3B41A /* LaunchScreen.storyboard */,
				2C4695231BCCF24A00A3B41A /* Info.plist */,
			);
			path = task1;
			sourceTree = "<group>";
		};
		2C46952B1BCCF24A00A3B41A /* task1Tests */ = {
			isa = PBXGroup;
			children = (
				2C46952C1BCCF24A00A3B41A /* task1Tests.swift */,
				2C46952E1BCCF24A00A3B41A /* Info.plist */,
			);
			path = task1Tests;
			sourceTree = "<group>";
		};
		2C4695361BCCF24A00A3B41A /* task1UITests */ = {
			isa = PBXGroup;
			children = (
				2C4695371BCCF24A00A3B41A /* task1UITests.swift */,
				2C4695391BCCF24A00A3B41A /* Info.plist */,
			);
			path = task1UITests;
			sourceTree = "<group>";
		};
/* End PBXGroup section */

/* Begin PBXNativeTarget section */
		2C4695131BCCF24A00A3B41A /* task1 */ = {
			isa = PBXNativeTarget;
			buildConfigurationList = 2C46953C1BCCF24A00A3B41A /* Build configuration list for PBXNativeTarget "task1" */;
			buildPhases = (
				2C4695101BCCF24A00A3B41A /* Sources */,
				2C4695111BCCF24A00A3B41A /* Frameworks */,
				2C4695121BCCF24A00A3B41A /* Resources */,
			);
			buildRules = (
			);
			dependencies = (
			);
			name = task1;
			productName = task1;
			productReference = 2C4695141BCCF24A00A3B41A /* task1.app */;
			productType = "com.apple.product-type.application";
		};
		2C4695271BCCF24A00A3B41A /* task1Tests */ = {
			isa = PBXNativeTarget;
			buildConfigurationList = 2C46953F1BCCF24A00A3B41A /* Build configuration list for PBXNativeTarget "task1Tests" */;
			buildPhases = (
				2C4695241BCCF24A00A3B41A /* Sources */,
				2C4695251BCCF24A00A3B41A /* Frameworks */,
				2C4695261BCCF24A00A3B41A /* Resources */,
			);
			buildRules = (
			);
			dependencies = (
				2C46952A1BCCF24A00A3B41A /* PBXTargetDependency */,
			);
			name = task1Tests;
			productName = task1Tests;
			productReference = 2C4695281BCCF24A00A3B41A /* task1Tests.xctest */;
			productType = "com.apple.product-type.bundle.unit-test";
		};
		2C4695321BCCF24A00A3B41A /* task1UITests */ = {
			isa = PBXNativeTarget;
			buildConfigurationList = 2C4695421BCCF24A00A3B41A /* Build configuration list for PBXNativeTarget "task1UITests" */;
			buildPhases = (
				2C46952F1BCCF24A00A3B41A /* Sources */,
				2C4695301BCCF24A00A3B41A /* Frameworks */,
				2C4695311BCCF24A00A3B41A /* Resources */,
			);
			buildRules = (
			);
			dependencies = (
				2C4695351BCCF24A00A3B41A /* PBXTargetDependency */,
			);
			name = task1UITests;
			productName = task1UITests;
			productReference = 2C4695331BCCF24A00A3B41A /* task1UITests.xctest */;
			productType = "com.apple.product-type.bundle.ui-testing";
		};
/* End PBXNativeTarget section */

/* Begin PBXProject section */
		2C46950C1BCCF24A00A3B41A /* Project object */ = {
			isa = PBXProject;
			attributes = {
				LastUpgradeCheck = 0700;
				ORGANIZATIONNAME = "Nikhil Dange";
				TargetAttributes = {
					2C4695131BCCF24A00A3B41A = {
						CreatedOnToolsVersion = 7.0.1;
					};
					2C4695271BCCF24A00A3B41A = {
						CreatedOnToolsVersion = 7.0.1;
						TestTargetID = 2C4695131BCCF24A00A3B41A;
					};
					2C4695321BCCF24A00A3B41A = {
						CreatedOnToolsVersion = 7.0.1;
						TestTargetID = 2C4695131BCCF24A00A3B41A;
					};
				};
			};
			buildConfigurationList = 2C46950F1BCCF24A00A3B41A /* Build configuration list for PBXProject "task1" */;
			compatibilityVersion = "Xcode 3.2";
			developmentRegion = English;
			hasScannedForEncodings = 0;
			knownRegions = (
				en,
				Base,
			);
			mainGroup = 2C46950B1BCCF24A00A3B41A;
			productRefGroup = 2C4695151BCCF24A00A3B41A /* Products */;
			projectDirPath = "";
			projectRoot = "";
			targets = (
				2C4695131BCCF24A00A3B41A /* task1 */,
				2C4695271BCCF24A00A3B41A /* task1Tests */,
				2C4695321BCCF24A00A3B41A /* task1UITests */,
			);
		};
/* End PBXProject section */

/* Begin PBXResourcesBuildPhase section */
		2C4695121BCCF24A00A3B41A /* Resources */ = {
			isa = PBXResourcesBuildPhase;
			buildActionMask = 2147483647;
			files = (
				2C4695221BCCF24A00A3B41A /* LaunchScreen.storyboard in Resources */,
				2C46951F1BCCF24A00A3B41A /* Assets.xcassets in Resources */,
				2C46951D1BCCF24A00A3B41A /* Main.storyboard in Resources */,
			);
			runOnlyForDeploymentPostprocessing = 0;
		};
		2C4695261BCCF24A00A3B41A /* Resources */ = {
			isa = PBXResourcesBuildPhase;
			buildActionMask = 2147483647;
			files = (
			);
			runOnlyForDeploymentPostprocessing = 0;
		};
		2C4695311BCCF24A00A3B41A /* Resources */ = {
			isa = PBXResourcesBuildPhase;
			buildActionMask = 2147483647;
			files = (
			);
			runOnlyForDeploymentPostprocessing = 0;
		};
/* End PBXResourcesBuildPhase section */

/* Begin PBXSourcesBuildPhase section */
		2C4695101BCCF24A00A3B41A /* Sources */ = {
			isa = PBXSourcesBuildPhase;
			buildActionMask = 2147483647;
			files = (
				2C46951A1BCCF24A00A3B41A /* ViewController.swift in Sources */,
				2C4695461BCCF9D400A3B41A /* WebViewController.swift in Sources */,
				2C4695181BCCF24A00A3B41A /* AppDelegate.swift in Sources */,
			);
			runOnlyForDeploymentPostprocessing = 0;
		};
		2C4695241BCCF24A00A3B41A /* Sources */ = {
			isa = PBXSourcesBuildPhase;
			buildActionMask = 2147483647;
			files = (
				2C46952D1BCCF24A00A3B41A /* task1Tests.swift in Sources */,
			);
			runOnlyForDeploymentPostprocessing = 0;
		};
		2C46952F1BCCF24A00A3B41A /* Sources */ = {
			isa = PBXSourcesBuildPhase;
			buildActionMask = 2147483647;
			files = (
				2C4695381BCCF24A00A3B41A /* task1UITests.swift in Sources */,
			);
			runOnlyForDeploymentPostprocessing = 0;
		};
/* End PBXSourcesBuildPhase section */

/* Begin PBXTargetDependency section */
		2C46952A1BCCF24A00A3B41A /* PBXTargetDependency */ = {
			isa = PBXTargetDependency;
			target = 2C4695131BCCF24A00A3B41A /* task1 */;
			targetProxy = 2C4695291BCCF24A00A3B41A /* PBXContainerItemProxy */;
		};
		2C4695351BCCF24A00A3B41A /* PBXTargetDependency */ = {
			isa = PBXTargetDependency;
			target = 2C4695131BCCF24A00A3B41A /* task1 */;
			targetProxy = 2C4695341BCCF24A00A3B41A /* PBXContainerItemProxy */;
		};
/* End PBXTargetDependency section */

/* Begin PBXVariantGroup section */
		2C46951B1BCCF24A00A3B41A /* Main.storyboard */ = {
			isa = PBXVariantGroup;
			children = (
				2C46951C1BCCF24A00A3B41A /* Base */,
			);
			name = Main.storyboard;
			sourceTree = "<group>";
		};
		2C4695201BCCF24A00A3B41A /* LaunchScreen.storyboard */ = {
			isa = PBXVariantGroup;
			children = (
				2C4695211BCCF24A00A3B41A /* Base */,
			);
			name = LaunchScreen.storyboard;
			sourceTree = "<group>";
		};
/* End PBXVariantGroup section */

/* Begin XCBuildConfiguration section */
		2C46953A1BCCF24A00A3B41A /* Debug */ = {
			isa = XCBuildConfiguration;
			buildSettings = {
				ALWAYS_SEARCH_USER_PATHS = NO;
				CLANG_CXX_LANGUAGE_STANDARD = "gnu++0x";
				CLANG_CXX_LIBRARY = "libc++";
				CLANG_ENABLE_MODULES = YES;
				CLANG_ENABLE_OBJC_ARC = YES;
				CLANG_WARN_BOOL_CONVERSION = YES;
				CLANG_WARN_CONSTANT_CONVERSION = YES;
				CLANG_WARN_DIRECT_OBJC_ISA_USAGE = YES_ERROR;
				CLANG_WARN_EMPTY_BODY = YES;
				CLANG_WARN_ENUM_CONVERSION = YES;
				CLANG_WARN_INT_CONVERSION = YES;
				CLANG_WARN_OBJC_ROOT_CLASS = YES_ERROR;
				CLANG_WARN_UNREACHABLE_CODE = YES;
				CLANG_WARN__DUPLICATE_METHOD_MATCH = YES;
				"CODE_SIGN_IDENTITY[sdk=iphoneos*]" = "iPhone Developer";
				COPY_PHASE_STRIP = NO;
				DEBUG_INFORMATION_FORMAT = dwarf;
				ENABLE_STRICT_OBJC_MSGSEND = YES;
				ENABLE_TESTABILITY = YES;
				GCC_C_LANGUAGE_STANDARD = gnu99;
				GCC_DYNAMIC_NO_PIC = NO;
				GCC_NO_COMMON_BLOCKS = YES;
				GCC_OPTIMIZATION_LEVEL = 0;
				GCC_PREPROCESSOR_DEFINITIONS = (
					"DEBUG=1",
					"$(inherited)",
				);
				GCC_WARN_64_TO_32_BIT_CONVERSION = YES;
				GCC_WARN_ABOUT_RETURN_TYPE = YES_ERROR;
				GCC_WARN_UNDECLARED_SELECTOR = YES;
				GCC_WARN_UNINITIALIZED_AUTOS = YES_AGGRESSIVE;
				GCC_WARN_UNUSED_FUNCTION = YES;
				GCC_WARN_UNUSED_VARIABLE = YES;
				IPHONEOS_DEPLOYMENT_TARGET = 9.0;
				MTL_ENABLE_DEBUG_INFO = YES;
				ONLY_ACTIVE_ARCH = YES;
				SDKROOT = iphoneos;
				SWIFT_OPTIMIZATION_LEVEL = "-Onone";
				TARGETED_DEVICE_FAMILY = "1,2";
			};
			name = Debug;
		};
		2C46953B1BCCF24A00A3B41A /* Release */ = {
			isa = XCBuildConfiguration;
			buildSettings = {
				ALWAYS_SEARCH_USER_PATHS = NO;
				CLANG_CXX_LANGUAGE_STANDARD = "gnu++0x";
				CLANG_CXX_LIBRARY = "libc++";
				CLANG_ENABLE_MODULES = YES;
				CLANG_ENABLE_OBJC_ARC = YES;
				CLANG_WARN_BOOL_CONVERSION = YES;
				CLANG_WARN_CONSTANT_CONVERSION = YES;
				CLANG_WARN_DIRECT_OBJC_ISA_USAGE = YES_ERROR;
				CLANG_WARN_EMPTY_BODY = YES;
				CLANG_WARN_ENUM_CONVERSION = YES;
				CLANG_WARN_INT_CONVERSION = YES;
				CLANG_WARN_OBJC_ROOT_CLASS = YES_ERROR;
				CLANG_WARN_UNREACHABLE_CODE = YES;
				CLANG_WARN__DUPLICATE_METHOD_MATCH = YES;
				"CODE_SIGN_IDENTITY[sdk=iphoneos*]" = "iPhone Developer";
				COPY_PHASE_STRIP = NO;
				DEBUG_INFORMATION_FORMAT = "dwarf-with-dsym";
				ENABLE_NS_ASSERTIONS = NO;
				ENABLE_STRICT_OBJC_MSGSEND = YES;
				GCC_C_LANGUAGE_STANDARD = gnu99;
				GCC_NO_COMMON_BLOCKS = YES;
				GCC_WARN_64_TO_32_BIT_CONVERSION = YES;
				GCC_WARN_ABOUT_RETURN_TYPE = YES_ERROR;
				GCC_WARN_UNDECLARED_SELECTOR = YES;
				GCC_WARN_UNINITIALIZED_AUTOS = YES_AGGRESSIVE;
				GCC_WARN_UNUSED_FUNCTION = YES;
				GCC_WARN_UNUSED_VARIABLE = YES;
				IPHONEOS_DEPLOYMENT_TARGET = 9.0;
				MTL_ENABLE_DEBUG_INFO = NO;
				SDKROOT = iphoneos;
				TARGETED_DEVICE_FAMILY = "1,2";
				VALIDATE_PRODUCT = YES;
			};
			name = Release;
		};
		2C46953D1BCCF24A00A3B41A /* Debug */ = {
			isa = XCBuildConfiguration;
			buildSettings = {
				ASSETCATALOG_COMPILER_APPICON_NAME = AppIcon;
				INFOPLIST_FILE = task1/Info.plist;
				LD_RUNPATH_SEARCH_PATHS = "$(inherited) @executable_path/Frameworks";
				PRODUCT_BUNDLE_IDENTIFIER = learningPurpose.task1;
				PRODUCT_NAME = "$(TARGET_NAME)";
			};
			name = Debug;
		};
		2C46953E1BCCF24A00A3B41A /* Release */ = {
			isa = XCBuildConfiguration;
			buildSettings = {
				ASSETCATALOG_COMPILER_APPICON_NAME = AppIcon;
				INFOPLIST_FILE = task1/Info.plist;
				LD_RUNPATH_SEARCH_PATHS = "$(inherited) @executable_path/Frameworks";
				PRODUCT_BUNDLE_IDENTIFIER = learningPurpose.task1;
				PRODUCT_NAME = "$(TARGET_NAME)";
			};
			name = Release;
		};
		2C4695401BCCF24A00A3B41A /* Debug */ = {
			isa = XCBuildConfiguration;
			buildSettings = {
				BUNDLE_LOADER = "$(TEST_HOST)";
				INFOPLIST_FILE = task1Tests/Info.plist;
				LD_RUNPATH_SEARCH_PATHS = "$(inherited) @executable_path/Frameworks @loader_path/Frameworks";
				PRODUCT_BUNDLE_IDENTIFIER = learningPurpose.task1Tests;
				PRODUCT_NAME = "$(TARGET_NAME)";
				TEST_HOST = "$(BUILT_PRODUCTS_DIR)/task1.app/task1";
			};
			name = Debug;
		};
		2C4695411BCCF24A00A3B41A /* Release */ = {
			isa = XCBuildConfiguration;
			buildSettings = {
				BUNDLE_LOADER = "$(TEST_HOST)";
				INFOPLIST_FILE = task1Tests/Info.plist;
				LD_RUNPATH_SEARCH_PATHS = "$(inherited) @executable_path/Frameworks @loader_path/Frameworks";
				PRODUCT_BUNDLE_IDENTIFIER = learningPurpose.task1Tests;
				PRODUCT_NAME = "$(TARGET_NAME)";
				TEST_HOST = "$(BUILT_PRODUCTS_DIR)/task1.app/task1";
			};
			name = Release;
		};
		2C4695431BCCF24A00A3B41A /* Debug */ = {
			isa = XCBuildConfiguration;
			buildSettings = {
				INFOPLIST_FILE = task1UITests/Info.plist;
				LD_RUNPATH_SEARCH_PATHS = "$(inherited) @executable_path/Frameworks @loader_path/Frameworks";
				PRODUCT_BUNDLE_IDENTIFIER = learningPurpose.task1UITests;
				PRODUCT_NAME = "$(TARGET_NAME)";
				TEST_TARGET_NAME = task1;
				USES_XCTRUNNER = YES;
			};
			name = Debug;
		};
		2C4695441BCCF24A00A3B41A /* Release */ = {
			isa = XCBuildConfiguration;
			buildSettings = {
				INFOPLIST_FILE = task1UITests/Info.plist;
				LD_RUNPATH_SEARCH_PATHS = "$(inherited) @executable_path/Frameworks @loader_path/Frameworks";
				PRODUCT_BUNDLE_IDENTIFIER = learningPurpose.task1UITests;
				PRODUCT_NAME = "$(TARGET_NAME)";
				TEST_TARGET_NAME = task1;
				USES_XCTRUNNER = YES;
			};
			name = Release;
		};
/* End XCBuildConfiguration section */

/* Begin XCConfigurationList section */
		2C46950F1BCCF24A00A3B41A /* Build configuration list for PBXProject "task1" */ = {
			isa = XCConfigurationList;
			buildConfigurations = (
				2C46953A1BCCF24A00A3B41A /* Debug */,
				2C46953B1BCCF24A00A3B41A /* Release */,
			);
			defaultConfigurationIsVisible = 0;
			defaultConfigurationName = Release;
		};
		2C46953C1BCCF24A00A3B41A /* Build configuration list for PBXNativeTarget "task1" */ = {
			isa = XCConfigurationList;
			buildConfigurations = (
				2C46953D1BCCF24A00A3B41A /* Debug */,
				2C46953E1BCCF24A00A3B41A /* Release */,
			);
			defaultConfigurationIsVisible = 0;
			defaultConfigurationName = Release;
		};
		2C46953F1BCCF24A00A3B41A /* Build configuration list for PBXNativeTarget "task1Tests" */ = {
			isa = XCConfigurationList;
			buildConfigurations = (
				2C4695401BCCF24A00A3B41A /* Debug */,
				2C4695411BCCF24A00A3B41A /* Release */,
			);
			defaultConfigurationIsVisible = 0;
			defaultConfigurationName = Release;
		};
		2C4695421BCCF24A00A3B41A /* Build configuration list for PBXNativeTarget "task1UITests" */ = {
			isa = XCConfigurationList;
			buildConfigurations = (
				2C4695431BCCF24A00A3B41A /* Debug */,
				2C4695441BCCF24A00A3B41A /* Release */,
			);
			defaultConfigurationIsVisible = 0;
			defaultConfigurationName = Release;
		};
/* End XCConfigurationList section */
	};
	rootObject = 2C46950C1BCCF24A00A3B41A /* Project object */;
}
